// !$*UTF8*$!
{
	archiveVersion = 1;
	classes = {
	};
	objectVersion = 46;
	objects = {

/* Begin PBXBuildFile section */
		8F0A1243182001FD00071ACA /* SPoTDataModel.xcdatamodeld in Sources */ = {isa = PBXBuildFile; fileRef = 8F0A1241182001FD00071ACA /* SPoTDataModel.xcdatamodeld */; };
		8F0A124A1820031400071ACA /* Photo+Flickr.m in Sources */ = {isa = PBXBuildFile; fileRef = 8F0A12491820031400071ACA /* Photo+Flickr.m */; };
		8F0A124C182005AD00071ACA /* CoreData.framework in Frameworks */ = {isa = PBXBuildFile; fileRef = 8F0A124B182005AD00071ACA /* CoreData.framework */; };
		8F0A124F18200D3C00071ACA /* CoreDataTableViewController.m in Sources */ = {isa = PBXBuildFile; fileRef = 8F0A124E18200D3C00071ACA /* CoreDataTableViewController.m */; };
		8F0A125218200EEA00071ACA /* TagCDTVC.m in Sources */ = {isa = PBXBuildFile; fileRef = 8F0A125118200EEA00071ACA /* TagCDTVC.m */; };
		8F0A126718201F3E00071ACA /* Tag+Flickr.m in Sources */ = {isa = PBXBuildFile; fileRef = 8F0A126618201F3E00071ACA /* Tag+Flickr.m */; };
		8F0A126A18203E5100071ACA /* PhotoTag+Flickr.m in Sources */ = {isa = PBXBuildFile; fileRef = 8F0A126918203E5100071ACA /* PhotoTag+Flickr.m */; };
		8F0A126D18204B8200071ACA /* PhotoCDTVC.m in Sources */ = {isa = PBXBuildFile; fileRef = 8F0A126C18204B8200071ACA /* PhotoCDTVC.m */; };
		8F0A12B21821488B00071ACA /* RecentPhoto+Flickr.m in Sources */ = {isa = PBXBuildFile; fileRef = 8F0A12B11821488B00071ACA /* RecentPhoto+Flickr.m */; };
		8F0A12B818214FE000071ACA /* RecentPhotoCDTVC.m in Sources */ = {isa = PBXBuildFile; fileRef = 8F0A12B718214FE000071ACA /* RecentPhotoCDTVC.m */; };
		8F0A12BB182160B600071ACA /* Context.m in Sources */ = {isa = PBXBuildFile; fileRef = 8F0A12BA182160B600071ACA /* Context.m */; };
		8F0A12BE1822B6AA00071ACA /* RecentPhoto.m in Sources */ = {isa = PBXBuildFile; fileRef = 8F0A12BD1822B6AA00071ACA /* RecentPhoto.m */; };
		8F0A12C11822B6AB00071ACA /* Tag.m in Sources */ = {isa = PBXBuildFile; fileRef = 8F0A12C01822B6AB00071ACA /* Tag.m */; };
		8F0A12C41822B6AB00071ACA /* Photo.m in Sources */ = {isa = PBXBuildFile; fileRef = 8F0A12C31822B6AB00071ACA /* Photo.m */; };
		8F0A12C71822B6AB00071ACA /* PhotoTag.m in Sources */ = {isa = PBXBuildFile; fileRef = 8F0A12C61822B6AB00071ACA /* PhotoTag.m */; };
		8FA5F8291816B17800DC5FDE /* iPadStoryboard.storyboard in Resources */ = {isa = PBXBuildFile; fileRef = 8FA5F8281816B17800DC5FDE /* iPadStoryboard.storyboard */; };
		8FB0B85A1808891C007A62B9 /* UIKit.framework in Frameworks */ = {isa = PBXBuildFile; fileRef = 8FB0B8591808891C007A62B9 /* UIKit.framework */; };
		8FB0B85C1808891C007A62B9 /* Foundation.framework in Frameworks */ = {isa = PBXBuildFile; fileRef = 8FB0B85B1808891C007A62B9 /* Foundation.framework */; };
		8FB0B85E1808891C007A62B9 /* CoreGraphics.framework in Frameworks */ = {isa = PBXBuildFile; fileRef = 8FB0B85D1808891C007A62B9 /* CoreGraphics.framework */; };
		8FB0B8641808891C007A62B9 /* InfoPlist.strings in Resources */ = {isa = PBXBuildFile; fileRef = 8FB0B8621808891C007A62B9 /* InfoPlist.strings */; };
		8FB0B8661808891C007A62B9 /* main.m in Sources */ = {isa = PBXBuildFile; fileRef = 8FB0B8651808891C007A62B9 /* main.m */; };
		8FB0B86A1808891C007A62B9 /* AppDelegate.m in Sources */ = {isa = PBXBuildFile; fileRef = 8FB0B8691808891C007A62B9 /* AppDelegate.m */; };
		8FB0B86C1808891C007A62B9 /* Default.png in Resources */ = {isa = PBXBuildFile; fileRef = 8FB0B86B1808891C007A62B9 /* Default.png */; };
		8FB0B86E1808891C007A62B9 /* Default@2x.png in Resources */ = {isa = PBXBuildFile; fileRef = 8FB0B86D1808891C007A62B9 /* Default@2x.png */; };
		8FB0B8701808891C007A62B9 /* Default-568h@2x.png in Resources */ = {isa = PBXBuildFile; fileRef = 8FB0B86F1808891C007A62B9 /* Default-568h@2x.png */; };
		8FB0B8731808891C007A62B9 /* iPhoneStoryboard.storyboard in Resources */ = {isa = PBXBuildFile; fileRef = 8FB0B8711808891C007A62B9 /* iPhoneStoryboard.storyboard */; };
		8FB0B8761808891C007A62B9 /* ViewController.m in Sources */ = {isa = PBXBuildFile; fileRef = 8FB0B8751808891C007A62B9 /* ViewController.m */; };
		8FB0B880180889E1007A62B9 /* FlickrFetcher.m in Sources */ = {isa = PBXBuildFile; fileRef = 8FB0B87F180889E1007A62B9 /* FlickrFetcher.m */; };
		8FB0B887180B6E5E007A62B9 /* FlickerTagTVC.m in Sources */ = {isa = PBXBuildFile; fileRef = 8FB0B886180B6E5E007A62B9 /* FlickerTagTVC.m */; };
		8FB0B88A180B7951007A62B9 /* StandfordFlickrTagTVC.m in Sources */ = {isa = PBXBuildFile; fileRef = 8FB0B889180B7951007A62B9 /* StandfordFlickrTagTVC.m */; };
		8FB0B891180D05FA007A62B9 /* FlickrPhotoTVC.m in Sources */ = {isa = PBXBuildFile; fileRef = 8FB0B890180D05FA007A62B9 /* FlickrPhotoTVC.m */; };
		8FB0B894180DC7AA007A62B9 /* ImageViewController.m in Sources */ = {isa = PBXBuildFile; fileRef = 8FB0B893180DC7AA007A62B9 /* ImageViewController.m */; };
		8FB0B897180E16EC007A62B9 /* RecentPhotos.m in Sources */ = {isa = PBXBuildFile; fileRef = 8FB0B896180E16EC007A62B9 /* RecentPhotos.m */; };
		8FB0B89A180E1939007A62B9 /* RecentFlickrPhotoTVC.m in Sources */ = {isa = PBXBuildFile; fileRef = 8FB0B899180E1939007A62B9 /* RecentFlickrPhotoTVC.m */; };
		8FB0B89D181032E9007A62B9 /* NetworkActivity.m in Sources */ = {isa = PBXBuildFile; fileRef = 8FB0B89C181032E9007A62B9 /* NetworkActivity.m */; };
		8FB0B8A0181045AB007A62B9 /* Cache.m in Sources */ = {isa = PBXBuildFile; fileRef = 8FB0B89F181045AB007A62B9 /* Cache.m */; };
/* End PBXBuildFile section */

/* Begin PBXFileReference section */
		8F0A1242182001FD00071ACA /* SPoTDataModel.xcdatamodel */ = {isa = PBXFileReference; lastKnownFileType = wrapper.xcdatamodel; path = SPoTDataModel.xcdatamodel; sourceTree = "<group>"; };
		8F0A12481820031400071ACA /* Photo+Flickr.h */ = {isa = PBXFileReference; fileEncoding = 4; lastKnownFileType = sourcecode.c.h; path = "Photo+Flickr.h"; sourceTree = "<group>"; };
		8F0A12491820031400071ACA /* Photo+Flickr.m */ = {isa = PBXFileReference; fileEncoding = 4; lastKnownFileType = sourcecode.c.objc; path = "Photo+Flickr.m"; sourceTree = "<group>"; };
		8F0A124B182005AD00071ACA /* CoreData.framework */ = {isa = PBXFileReference; lastKnownFileType = wrapper.framework; name = CoreData.framework; path = System/Library/Frameworks/CoreData.framework; sourceTree = SDKROOT; };
		8F0A124D18200D3C00071ACA /* CoreDataTableViewController.h */ = {isa = PBXFileReference; fileEncoding = 4; lastKnownFileType = sourcecode.c.h; path = CoreDataTableViewController.h; sourceTree = "<group>"; };
		8F0A124E18200D3C00071ACA /* CoreDataTableViewController.m */ = {isa = PBXFileReference; fileEncoding = 4; lastKnownFileType = sourcecode.c.objc; path = CoreDataTableViewController.m; sourceTree = "<group>"; };
		8F0A125018200EEA00071ACA /* TagCDTVC.h */ = {isa = PBXFileReference; fileEncoding = 4; lastKnownFileType = sourcecode.c.h; path = TagCDTVC.h; sourceTree = "<group>"; };
		8F0A125118200EEA00071ACA /* TagCDTVC.m */ = {isa = PBXFileReference; fileEncoding = 4; lastKnownFileType = sourcecode.c.objc; path = TagCDTVC.m; sourceTree = "<group>"; };
		8F0A126518201F3E00071ACA /* Tag+Flickr.h */ = {isa = PBXFileReference; fileEncoding = 4; lastKnownFileType = sourcecode.c.h; name = "Tag+Flickr.h"; path = "SPoT/Tag+Flickr.h"; sourceTree = "<group>"; };
		8F0A126618201F3E00071ACA /* Tag+Flickr.m */ = {isa = PBXFileReference; fileEncoding = 4; lastKnownFileType = sourcecode.c.objc; name = "Tag+Flickr.m"; path = "SPoT/Tag+Flickr.m"; sourceTree = "<group>"; };
		8F0A126818203E5100071ACA /* PhotoTag+Flickr.h */ = {isa = PBXFileReference; fileEncoding = 4; lastKnownFileType = sourcecode.c.h; path = "PhotoTag+Flickr.h"; sourceTree = "<group>"; };
		8F0A126918203E5100071ACA /* PhotoTag+Flickr.m */ = {isa = PBXFileReference; fileEncoding = 4; lastKnownFileType = sourcecode.c.objc; path = "PhotoTag+Flickr.m"; sourceTree = "<group>"; };
		8F0A126B18204B8200071ACA /* PhotoCDTVC.h */ = {isa = PBXFileReference; fileEncoding = 4; lastKnownFileType = sourcecode.c.h; path = PhotoCDTVC.h; sourceTree = "<group>"; };
		8F0A126C18204B8200071ACA /* PhotoCDTVC.m */ = {isa = PBXFileReference; fileEncoding = 4; lastKnownFileType = sourcecode.c.objc; path = PhotoCDTVC.m; sourceTree = "<group>"; };
		8F0A12B01821488B00071ACA /* RecentPhoto+Flickr.h */ = {isa = PBXFileReference; fileEncoding = 4; lastKnownFileType = sourcecode.c.h; path = "RecentPhoto+Flickr.h"; sourceTree = "<group>"; };
		8F0A12B11821488B00071ACA /* RecentPhoto+Flickr.m */ = {isa = PBXFileReference; fileEncoding = 4; lastKnownFileType = sourcecode.c.objc; path = "RecentPhoto+Flickr.m"; sourceTree = "<group>"; };
		8F0A12B618214FE000071ACA /* RecentPhotoCDTVC.h */ = {isa = PBXFileReference; fileEncoding = 4; lastKnownFileType = sourcecode.c.h; path = RecentPhotoCDTVC.h; sourceTree = "<group>"; };
		8F0A12B718214FE000071ACA /* RecentPhotoCDTVC.m */ = {isa = PBXFileReference; fileEncoding = 4; lastKnownFileType = sourcecode.c.objc; path = RecentPhotoCDTVC.m; sourceTree = "<group>"; };
		8F0A12B9182160B600071ACA /* Context.h */ = {isa = PBXFileReference; fileEncoding = 4; lastKnownFileType = sourcecode.c.h; path = Context.h; sourceTree = "<group>"; };
		8F0A12BA182160B600071ACA /* Context.m */ = {isa = PBXFileReference; fileEncoding = 4; lastKnownFileType = sourcecode.c.objc; path = Context.m; sourceTree = "<group>"; };
		8F0A12BC1822B6AA00071ACA /* RecentPhoto.h */ = {isa = PBXFileReference; fileEncoding = 4; lastKnownFileType = sourcecode.c.h; path = RecentPhoto.h; sourceTree = "<group>"; };
		8F0A12BD1822B6AA00071ACA /* RecentPhoto.m */ = {isa = PBXFileReference; fileEncoding = 4; lastKnownFileType = sourcecode.c.objc; path = RecentPhoto.m; sourceTree = "<group>"; };
		8F0A12BF1822B6AB00071ACA /* Tag.h */ = {isa = PBXFileReference; fileEncoding = 4; lastKnownFileType = sourcecode.c.h; path = Tag.h; sourceTree = "<group>"; };
		8F0A12C01822B6AB00071ACA /* Tag.m */ = {isa = PBXFileReference; fileEncoding = 4; lastKnownFileType = sourcecode.c.objc; path = Tag.m; sourceTree = "<group>"; };
		8F0A12C21822B6AB00071ACA /* Photo.h */ = {isa = PBXFileReference; fileEncoding = 4; lastKnownFileType = sourcecode.c.h; path = Photo.h; sourceTree = "<group>"; };
		8F0A12C31822B6AB00071ACA /* Photo.m */ = {isa = PBXFileReference; fileEncoding = 4; lastKnownFileType = sourcecode.c.objc; path = Photo.m; sourceTree = "<group>"; };
		8F0A12C51822B6AB00071ACA /* PhotoTag.h */ = {isa = PBXFileReference; fileEncoding = 4; lastKnownFileType = sourcecode.c.h; path = PhotoTag.h; sourceTree = "<group>"; };
		8F0A12C61822B6AB00071ACA /* PhotoTag.m */ = {isa = PBXFileReference; fileEncoding = 4; lastKnownFileType = sourcecode.c.objc; path = PhotoTag.m; sourceTree = "<group>"; };
		8FA5F8281816B17800DC5FDE /* iPadStoryboard.storyboard */ = {isa = PBXFileReference; fileEncoding = 4; lastKnownFileType = file.storyboard; name = iPadStoryboard.storyboard; path = ../iPadStoryboard.storyboard; sourceTree = "<group>"; };
		8FB0B8561808891C007A62B9 /* SPoT.app */ = {isa = PBXFileReference; explicitFileType = wrapper.application; includeInIndex = 0; path = SPoT.app; sourceTree = BUILT_PRODUCTS_DIR; };
		8FB0B8591808891C007A62B9 /* UIKit.framework */ = {isa = PBXFileReference; lastKnownFileType = wrapper.framework; name = UIKit.framework; path = System/Library/Frameworks/UIKit.framework; sourceTree = SDKROOT; };
		8FB0B85B1808891C007A62B9 /* Foundation.framework */ = {isa = PBXFileReference; lastKnownFileType = wrapper.framework; name = Foundation.framework; path = System/Library/Frameworks/Foundation.framework; sourceTree = SDKROOT; };
		8FB0B85D1808891C007A62B9 /* CoreGraphics.framework */ = {isa = PBXFileReference; lastKnownFileType = wrapper.framework; name = CoreGraphics.framework; path = System/Library/Frameworks/CoreGraphics.framework; sourceTree = SDKROOT; };
		8FB0B8611808891C007A62B9 /* SPoT-Info.plist */ = {isa = PBXFileReference; lastKnownFileType = text.plist.xml; path = "SPoT-Info.plist"; sourceTree = "<group>"; };
		8FB0B8631808891C007A62B9 /* en */ = {isa = PBXFileReference; lastKnownFileType = text.plist.strings; name = en; path = en.lproj/InfoPlist.strings; sourceTree = "<group>"; };
		8FB0B8651808891C007A62B9 /* main.m */ = {isa = PBXFileReference; lastKnownFileType = sourcecode.c.objc; path = main.m; sourceTree = "<group>"; };
		8FB0B8671808891C007A62B9 /* SPoT-Prefix.pch */ = {isa = PBXFileReference; lastKnownFileType = sourcecode.c.h; path = "SPoT-Prefix.pch"; sourceTree = "<group>"; };
		8FB0B8681808891C007A62B9 /* AppDelegate.h */ = {isa = PBXFileReference; lastKnownFileType = sourcecode.c.h; path = AppDelegate.h; sourceTree = "<group>"; };
		8FB0B8691808891C007A62B9 /* AppDelegate.m */ = {isa = PBXFileReference; lastKnownFileType = sourcecode.c.objc; path = AppDelegate.m; sourceTree = "<group>"; };
		8FB0B86B1808891C007A62B9 /* Default.png */ = {isa = PBXFileReference; lastKnownFileType = image.png; path = Default.png; sourceTree = "<group>"; };
		8FB0B86D1808891C007A62B9 /* Default@2x.png */ = {isa = PBXFileReference; lastKnownFileType = image.png; path = "Default@2x.png"; sourceTree = "<group>"; };
		8FB0B86F1808891C007A62B9 /* Default-568h@2x.png */ = {isa = PBXFileReference; lastKnownFileType = image.png; path = "Default-568h@2x.png"; sourceTree = "<group>"; };
		8FB0B8721808891C007A62B9 /* en */ = {isa = PBXFileReference; lastKnownFileType = file.storyboard; name = en; path = en.lproj/iPhoneStoryboard.storyboard; sourceTree = "<group>"; };
		8FB0B8741808891C007A62B9 /* ViewController.h */ = {isa = PBXFileReference; lastKnownFileType = sourcecode.c.h; path = ViewController.h; sourceTree = "<group>"; };
		8FB0B8751808891C007A62B9 /* ViewController.m */ = {isa = PBXFileReference; lastKnownFileType = sourcecode.c.objc; path = ViewController.m; sourceTree = "<group>"; };
		8FB0B87D180889E1007A62B9 /* FlickrAPIKey.h */ = {isa = PBXFileReference; fileEncoding = 4; lastKnownFileType = sourcecode.c.h; path = FlickrAPIKey.h; sourceTree = "<group>"; };
		8FB0B87E180889E1007A62B9 /* FlickrFetcher.h */ = {isa = PBXFileReference; fileEncoding = 4; lastKnownFileType = sourcecode.c.h; path = FlickrFetcher.h; sourceTree = "<group>"; };
		8FB0B87F180889E1007A62B9 /* FlickrFetcher.m */ = {isa = PBXFileReference; fileEncoding = 4; lastKnownFileType = sourcecode.c.objc; path = FlickrFetcher.m; sourceTree = "<group>"; };
		8FB0B885180B6E5E007A62B9 /* FlickerTagTVC.h */ = {isa = PBXFileReference; fileEncoding = 4; lastKnownFileType = sourcecode.c.h; name = FlickerTagTVC.h; path = ../FlickerTagTVC.h; sourceTree = "<group>"; };
		8FB0B886180B6E5E007A62B9 /* FlickerTagTVC.m */ = {isa = PBXFileReference; fileEncoding = 4; lastKnownFileType = sourcecode.c.objc; name = FlickerTagTVC.m; path = ../FlickerTagTVC.m; sourceTree = "<group>"; };
		8FB0B888180B7951007A62B9 /* StandfordFlickrTagTVC.h */ = {isa = PBXFileReference; fileEncoding = 4; lastKnownFileType = sourcecode.c.h; path = StandfordFlickrTagTVC.h; sourceTree = "<group>"; };
		8FB0B889180B7951007A62B9 /* StandfordFlickrTagTVC.m */ = {isa = PBXFileReference; fileEncoding = 4; lastKnownFileType = sourcecode.c.objc; path = StandfordFlickrTagTVC.m; sourceTree = "<group>"; };
		8FB0B88F180D05FA007A62B9 /* FlickrPhotoTVC.h */ = {isa = PBXFileReference; fileEncoding = 4; lastKnownFileType = sourcecode.c.h; path = FlickrPhotoTVC.h; sourceTree = "<group>"; };
		8FB0B890180D05FA007A62B9 /* FlickrPhotoTVC.m */ = {isa = PBXFileReference; fileEncoding = 4; lastKnownFileType = sourcecode.c.objc; path = FlickrPhotoTVC.m; sourceTree = "<group>"; };
		8FB0B892180DC7AA007A62B9 /* ImageViewController.h */ = {isa = PBXFileReference; fileEncoding = 4; lastKnownFileType = sourcecode.c.h; path = ImageViewController.h; sourceTree = "<group>"; };
		8FB0B893180DC7AA007A62B9 /* ImageViewController.m */ = {isa = PBXFileReference; fileEncoding = 4; lastKnownFileType = sourcecode.c.objc; path = ImageViewController.m; sourceTree = "<group>"; };
		8FB0B895180E16EC007A62B9 /* RecentPhotos.h */ = {isa = PBXFileReference; fileEncoding = 4; lastKnownFileType = sourcecode.c.h; path = RecentPhotos.h; sourceTree = "<group>"; };
		8FB0B896180E16EC007A62B9 /* RecentPhotos.m */ = {isa = PBXFileReference; fileEncoding = 4; lastKnownFileType = sourcecode.c.objc; path = RecentPhotos.m; sourceTree = "<group>"; };
		8FB0B898180E1939007A62B9 /* RecentFlickrPhotoTVC.h */ = {isa = PBXFileReference; fileEncoding = 4; lastKnownFileType = sourcecode.c.h; path = RecentFlickrPhotoTVC.h; sourceTree = "<group>"; };
		8FB0B899180E1939007A62B9 /* RecentFlickrPhotoTVC.m */ = {isa = PBXFileReference; fileEncoding = 4; lastKnownFileType = sourcecode.c.objc; path = RecentFlickrPhotoTVC.m; sourceTree = "<group>"; };
		8FB0B89B181032E9007A62B9 /* NetworkActivity.h */ = {isa = PBXFileReference; fileEncoding = 4; lastKnownFileType = sourcecode.c.h; path = NetworkActivity.h; sourceTree = "<group>"; };
		8FB0B89C181032E9007A62B9 /* NetworkActivity.m */ = {isa = PBXFileReference; fileEncoding = 4; lastKnownFileType = sourcecode.c.objc; path = NetworkActivity.m; sourceTree = "<group>"; };
		8FB0B89E181045AB007A62B9 /* Cache.h */ = {isa = PBXFileReference; fileEncoding = 4; lastKnownFileType = sourcecode.c.h; path = Cache.h; sourceTree = "<group>"; };
		8FB0B89F181045AB007A62B9 /* Cache.m */ = {isa = PBXFileReference; fileEncoding = 4; lastKnownFileType = sourcecode.c.objc; path = Cache.m; sourceTree = "<group>"; };
/* End PBXFileReference section */

/* Begin PBXFrameworksBuildPhase section */
		8FB0B8531808891C007A62B9 /* Frameworks */ = {
			isa = PBXFrameworksBuildPhase;
			buildActionMask = 2147483647;
			files = (
				8F0A124C182005AD00071ACA /* CoreData.framework in Frameworks */,
				8FB0B85A1808891C007A62B9 /* UIKit.framework in Frameworks */,
				8FB0B85C1808891C007A62B9 /* Foundation.framework in Frameworks */,
				8FB0B85E1808891C007A62B9 /* CoreGraphics.framework in Frameworks */,
			);
			runOnlyForDeploymentPostprocessing = 0;
		};
/* End PBXFrameworksBuildPhase section */

/* Begin PBXGroup section */
		8F0A12441820020900071ACA /* DataModel */ = {
			isa = PBXGroup;
			children = (
				8F0A1241182001FD00071ACA /* SPoTDataModel.xcdatamodeld */,
				8F0A12BC1822B6AA00071ACA /* RecentPhoto.h */,
				8F0A12BD1822B6AA00071ACA /* RecentPhoto.m */,
				8F0A12BF1822B6AB00071ACA /* Tag.h */,
				8F0A12C01822B6AB00071ACA /* Tag.m */,
				8F0A12C21822B6AB00071ACA /* Photo.h */,
				8F0A12C31822B6AB00071ACA /* Photo.m */,
				8F0A12C51822B6AB00071ACA /* PhotoTag.h */,
				8F0A12C61822B6AB00071ACA /* PhotoTag.m */,
			);
			name = DataModel;
			sourceTree = "<group>";
		};
		8FB0B84D1808891C007A62B9 = {
			isa = PBXGroup;
			children = (
				8F0A12B9182160B600071ACA /* Context.h */,
				8F0A12BA182160B600071ACA /* Context.m */,
				8F0A12B01821488B00071ACA /* RecentPhoto+Flickr.h */,
				8F0A12B11821488B00071ACA /* RecentPhoto+Flickr.m */,
				8F0A126518201F3E00071ACA /* Tag+Flickr.h */,
				8F0A126818203E5100071ACA /* PhotoTag+Flickr.h */,
				8F0A126918203E5100071ACA /* PhotoTag+Flickr.m */,
				8F0A126618201F3E00071ACA /* Tag+Flickr.m */,
				8F0A12481820031400071ACA /* Photo+Flickr.h */,
				8F0A12491820031400071ACA /* Photo+Flickr.m */,
				8FB0B85F1808891C007A62B9 /* SPoT */,
				8FB0B8581808891C007A62B9 /* Frameworks */,
				8FB0B8571808891C007A62B9 /* Products */,
			);
			sourceTree = "<group>";
		};
		8FB0B8571808891C007A62B9 /* Products */ = {
			isa = PBXGroup;
			children = (
				8FB0B8561808891C007A62B9 /* SPoT.app */,
			);
			name = Products;
			sourceTree = "<group>";
		};
		8FB0B8581808891C007A62B9 /* Frameworks */ = {
			isa = PBXGroup;
			children = (
				8F0A124B182005AD00071ACA /* CoreData.framework */,
				8FB0B8591808891C007A62B9 /* UIKit.framework */,
				8FB0B85B1808891C007A62B9 /* Foundation.framework */,
				8FB0B85D1808891C007A62B9 /* CoreGraphics.framework */,
			);
			name = Frameworks;
			sourceTree = "<group>";
		};
		8FB0B85F1808891C007A62B9 /* SPoT */ = {
			isa = PBXGroup;
			children = (
				8F0A12441820020900071ACA /* DataModel */,
				8FB0B88B180B9696007A62B9 /* Model */,
				8FB0B881180B6DA3007A62B9 /* ViewController */,
				8FB0B87C180889E1007A62B9 /* FlickrFetcher */,
				8FB0B8681808891C007A62B9 /* AppDelegate.h */,
				8FB0B8691808891C007A62B9 /* AppDelegate.m */,
				8FA5F8281816B17800DC5FDE /* iPadStoryboard.storyboard */,
				8FB0B8711808891C007A62B9 /* iPhoneStoryboard.storyboard */,
				8FB0B8741808891C007A62B9 /* ViewController.h */,
				8FB0B8751808891C007A62B9 /* ViewController.m */,
				8FB0B8601808891C007A62B9 /* Supporting Files */,
			);
			path = SPoT;
			sourceTree = "<group>";
		};
		8FB0B8601808891C007A62B9 /* Supporting Files */ = {
			isa = PBXGroup;
			children = (
				8FB0B8611808891C007A62B9 /* SPoT-Info.plist */,
				8FB0B8621808891C007A62B9 /* InfoPlist.strings */,
				8FB0B8651808891C007A62B9 /* main.m */,
				8FB0B8671808891C007A62B9 /* SPoT-Prefix.pch */,
				8FB0B86B1808891C007A62B9 /* Default.png */,
				8FB0B86D1808891C007A62B9 /* Default@2x.png */,
				8FB0B86F1808891C007A62B9 /* Default-568h@2x.png */,
			);
			name = "Supporting Files";
			sourceTree = "<group>";
		};
		8FB0B87C180889E1007A62B9 /* FlickrFetcher */ = {
			isa = PBXGroup;
			children = (
				8FB0B87D180889E1007A62B9 /* FlickrAPIKey.h */,
				8FB0B87E180889E1007A62B9 /* FlickrFetcher.h */,
				8FB0B87F180889E1007A62B9 /* FlickrFetcher.m */,
			);
			path = FlickrFetcher;
			sourceTree = "<group>";
		};
		8FB0B881180B6DA3007A62B9 /* ViewController */ = {
			isa = PBXGroup;
			children = (
				8F0A12B618214FE000071ACA /* RecentPhotoCDTVC.h */,
				8F0A12B718214FE000071ACA /* RecentPhotoCDTVC.m */,
				8F0A126B18204B8200071ACA /* PhotoCDTVC.h */,
				8F0A126C18204B8200071ACA /* PhotoCDTVC.m */,
				8F0A124D18200D3C00071ACA /* CoreDataTableViewController.h */,
				8F0A124E18200D3C00071ACA /* CoreDataTableViewController.m */,
				8FB0B892180DC7AA007A62B9 /* ImageViewController.h */,
				8FB0B893180DC7AA007A62B9 /* ImageViewController.m */,
				8FB0B885180B6E5E007A62B9 /* FlickerTagTVC.h */,
				8FB0B886180B6E5E007A62B9 /* FlickerTagTVC.m */,
				8FB0B888180B7951007A62B9 /* StandfordFlickrTagTVC.h */,
				8FB0B889180B7951007A62B9 /* StandfordFlickrTagTVC.m */,
				8FB0B88F180D05FA007A62B9 /* FlickrPhotoTVC.h */,
				8FB0B890180D05FA007A62B9 /* FlickrPhotoTVC.m */,
				8FB0B898180E1939007A62B9 /* RecentFlickrPhotoTVC.h */,
				8FB0B899180E1939007A62B9 /* RecentFlickrPhotoTVC.m */,
				8F0A125018200EEA00071ACA /* TagCDTVC.h */,
				8F0A125118200EEA00071ACA /* TagCDTVC.m */,
			);
			name = ViewController;
			sourceTree = "<group>";
		};
		8FB0B88B180B9696007A62B9 /* Model */ = {
			isa = PBXGroup;
			children = (
				8FB0B895180E16EC007A62B9 /* RecentPhotos.h */,
				8FB0B896180E16EC007A62B9 /* RecentPhotos.m */,
				8FB0B89B181032E9007A62B9 /* NetworkActivity.h */,
				8FB0B89C181032E9007A62B9 /* NetworkActivity.m */,
				8FB0B89E181045AB007A62B9 /* Cache.h */,
				8FB0B89F181045AB007A62B9 /* Cache.m */,
			);
			name = Model;
			sourceTree = "<group>";
		};
/* End PBXGroup section */

/* Begin PBXNativeTarget section */
		8FB0B8551808891C007A62B9 /* SPoT */ = {
			isa = PBXNativeTarget;
			buildConfigurationList = 8FB0B8791808891C007A62B9 /* Build configuration list for PBXNativeTarget "SPoT" */;
			buildPhases = (
				8FB0B8521808891C007A62B9 /* Sources */,
				8FB0B8531808891C007A62B9 /* Frameworks */,
				8FB0B8541808891C007A62B9 /* Resources */,
			);
			buildRules = (
			);
			dependencies = (
			);
			name = SPoT;
			productName = SPoT;
			productReference = 8FB0B8561808891C007A62B9 /* SPoT.app */;
			productType = "com.apple.product-type.application";
		};
/* End PBXNativeTarget section */

/* Begin PBXProject section */
		8FB0B84E1808891C007A62B9 /* Project object */ = {
			isa = PBXProject;
			attributes = {
				LastUpgradeCheck = 0460;
				ORGANIZATIONNAME = "Pierre Thelusma";
			};
			buildConfigurationList = 8FB0B8511808891C007A62B9 /* Build configuration list for PBXProject "SPoT" */;
			compatibilityVersion = "Xcode 3.2";
			developmentRegion = English;
			hasScannedForEncodings = 0;
			knownRegions = (
				en,
			);
			mainGroup = 8FB0B84D1808891C007A62B9;
			productRefGroup = 8FB0B8571808891C007A62B9 /* Products */;
			projectDirPath = "";
			projectRoot = "";
			targets = (
				8FB0B8551808891C007A62B9 /* SPoT */,
			);
		};
/* End PBXProject section */

/* Begin PBXResourcesBuildPhase section */
		8FB0B8541808891C007A62B9 /* Resources */ = {
			isa = PBXResourcesBuildPhase;
			buildActionMask = 2147483647;
			files = (
				8FB0B8641808891C007A62B9 /* InfoPlist.strings in Resources */,
				8FB0B86C1808891C007A62B9 /* Default.png in Resources */,
				8FB0B86E1808891C007A62B9 /* Default@2x.png in Resources */,
				8FB0B8701808891C007A62B9 /* Default-568h@2x.png in Resources */,
				8FB0B8731808891C007A62B9 /* iPhoneStoryboard.storyboard in Resources */,
				8FA5F8291816B17800DC5FDE /* iPadStoryboard.storyboard in Resources */,
			);
			runOnlyForDeploymentPostprocessing = 0;
		};
/* End PBXResourcesBuildPhase section */

/* Begin PBXSourcesBuildPhase section */
		8FB0B8521808891C007A62B9 /* Sources */ = {
			isa = PBXSourcesBuildPhase;
			buildActionMask = 2147483647;
			files = (
				8FB0B8661808891C007A62B9 /* main.m in Sources */,
				8F0A12C71822B6AB00071ACA /* PhotoTag.m in Sources */,
				8FB0B86A1808891C007A62B9 /* AppDelegate.m in Sources */,
				8F0A12BB182160B600071ACA /* Context.m in Sources */,
				8FB0B8761808891C007A62B9 /* ViewController.m in Sources */,
				8F0A12C41822B6AB00071ACA /* Photo.m in Sources */,
				8F0A126D18204B8200071ACA /* PhotoCDTVC.m in Sources */,
				8F0A1243182001FD00071ACA /* SPoTDataModel.xcdatamodeld in Sources */,
				8F0A12C11822B6AB00071ACA /* Tag.m in Sources */,
				8F0A126718201F3E00071ACA /* Tag+Flickr.m in Sources */,
				8F0A124F18200D3C00071ACA /* CoreDataTableViewController.m in Sources */,
				8F0A12BE1822B6AA00071ACA /* RecentPhoto.m in Sources */,
				8F0A12B21821488B00071ACA /* RecentPhoto+Flickr.m in Sources */,
				8FB0B880180889E1007A62B9 /* FlickrFetcher.m in Sources */,
				8F0A126A18203E5100071ACA /* PhotoTag+Flickr.m in Sources */,
				8F0A12B818214FE000071ACA /* RecentPhotoCDTVC.m in Sources */,
				8FB0B887180B6E5E007A62B9 /* FlickerTagTVC.m in Sources */,
				8FB0B88A180B7951007A62B9 /* StandfordFlickrTagTVC.m in Sources */,
				8F0A124A1820031400071ACA /* Photo+Flickr.m in Sources */,
				8F0A125218200EEA00071ACA /* TagCDTVC.m in Sources */,
				8FB0B891180D05FA007A62B9 /* FlickrPhotoTVC.m in Sources */,
				8FB0B894180DC7AA007A62B9 /* ImageViewController.m in Sources */,
				8FB0B897180E16EC007A62B9 /* RecentPhotos.m in Sources */,
				8FB0B89A180E1939007A62B9 /* RecentFlickrPhotoTVC.m in Sources */,
				8FB0B89D181032E9007A62B9 /* NetworkActivity.m in Sources */,
				8FB0B8A0181045AB007A62B9 /* Cache.m in Sources */,
			);
			runOnlyForDeploymentPostprocessing = 0;
		};
/* End PBXSourcesBuildPhase section */

/* Begin PBXVariantGroup section */
		8FB0B8621808891C007A62B9 /* InfoPlist.strings */ = {
			isa = PBXVariantGroup;
			children = (
				8FB0B8631808891C007A62B9 /* en */,
			);
			name = InfoPlist.strings;
			sourceTree = "<group>";
		};
		8FB0B8711808891C007A62B9 /* iPhoneStoryboard.storyboard */ = {
			isa = PBXVariantGroup;
			children = (
				8FB0B8721808891C007A62B9 /* en */,
			);
			name = iPhoneStoryboard.storyboard;
			sourceTree = "<group>";
		};
/* End PBXVariantGroup section */

/* Begin XCBuildConfiguration section */
		8FB0B8771808891C007A62B9 /* Debug */ = {
			isa = XCBuildConfiguration;
			buildSettings = {
				ALWAYS_SEARCH_USER_PATHS = NO;
				CLANG_CXX_LANGUAGE_STANDARD = "gnu++0x";
				CLANG_CXX_LIBRARY = "libc++";
				CLANG_ENABLE_OBJC_ARC = YES;
				CLANG_WARN_CONSTANT_CONVERSION = YES;
				CLANG_WARN_EMPTY_BODY = YES;
				CLANG_WARN_ENUM_CONVERSION = YES;
				CLANG_WARN_INT_CONVERSION = YES;
				CLANG_WARN__DUPLICATE_METHOD_MATCH = YES;
				"CODE_SIGN_IDENTITY[sdk=iphoneos*]" = "iPhone Developer";
				COPY_PHASE_STRIP = NO;
				GCC_C_LANGUAGE_STANDARD = gnu99;
				GCC_DYNAMIC_NO_PIC = NO;
				GCC_OPTIMIZATION_LEVEL = 0;
				GCC_PREPROCESSOR_DEFINITIONS = (
					"DEBUG=1",
					"$(inherited)",
				);
				GCC_SYMBOLS_PRIVATE_EXTERN = NO;
				GCC_WARN_ABOUT_RETURN_TYPE = YES;
				GCC_WARN_UNINITIALIZED_AUTOS = YES;
				GCC_WARN_UNUSED_VARIABLE = YES;
				IPHONEOS_DEPLOYMENT_TARGET = 6.1;
				ONLY_ACTIVE_ARCH = YES;
				SDKROOT = iphoneos;
			};
			name = Debug;
		};
		8FB0B8781808891C007A62B9 /* Release */ = {
			isa = XCBuildConfiguration;
			buildSettings = {
				ALWAYS_SEARCH_USER_PATHS = NO;
				CLANG_CXX_LANGUAGE_STANDARD = "gnu++0x";
				CLANG_CXX_LIBRARY = "libc++";
				CLANG_ENABLE_OBJC_ARC = YES;
				CLANG_WARN_CONSTANT_CONVERSION = YES;
				CLANG_WARN_EMPTY_BODY = YES;
				CLANG_WARN_ENUM_CONVERSION = YES;
				CLANG_WARN_INT_CONVERSION = YES;
				CLANG_WARN__DUPLICATE_METHOD_MATCH = YES;
				"CODE_SIGN_IDENTITY[sdk=iphoneos*]" = "iPhone Developer";
				COPY_PHASE_STRIP = YES;
				GCC_C_LANGUAGE_STANDARD = gnu99;
				GCC_WARN_ABOUT_RETURN_TYPE = YES;
				GCC_WARN_UNINITIALIZED_AUTOS = YES;
				GCC_WARN_UNUSED_VARIABLE = YES;
				IPHONEOS_DEPLOYMENT_TARGET = 6.1;
				OTHER_CFLAGS = "-DNS_BLOCK_ASSERTIONS=1";
				SDKROOT = iphoneos;
				VALIDATE_PRODUCT = YES;
			};
			name = Release;
		};
		8FB0B87A1808891C007A62B9 /* Debug */ = {
			isa = XCBuildConfiguration;
			buildSettings = {
				GCC_PRECOMPILE_PREFIX_HEADER = YES;
				GCC_PREFIX_HEADER = "SPoT/SPoT-Prefix.pch";
				INFOPLIST_FILE = "SPoT/SPoT-Info.plist";
				IPHONEOS_DEPLOYMENT_TARGET = 6.1;
				PRODUCT_NAME = "$(TARGET_NAME)";
				TARGETED_DEVICE_FAMILY = "1,2";
				WRAPPER_EXTENSION = app;
			};
			name = Debug;
		};
		8FB0B87B1808891C007A62B9 /* Release */ = {
			isa = XCBuildConfiguration;
			buildSettings = {
				GCC_PRECOMPILE_PREFIX_HEADER = YES;
				GCC_PREFIX_HEADER = "SPoT/SPoT-Prefix.pch";
				INFOPLIST_FILE = "SPoT/SPoT-Info.plist";
				IPHONEOS_DEPLOYMENT_TARGET = 6.1;
				PRODUCT_NAME = "$(TARGET_NAME)";
				TARGETED_DEVICE_FAMILY = "1,2";
				WRAPPER_EXTENSION = app;
			};
			name = Release;
		};
/* End XCBuildConfiguration section */

/* Begin XCConfigurationList section */
		8FB0B8511808891C007A62B9 /* Build configuration list for PBXProject "SPoT" */ = {
			isa = XCConfigurationList;
			buildConfigurations = (
				8FB0B8771808891C007A62B9 /* Debug */,
				8FB0B8781808891C007A62B9 /* Release */,
			);
			defaultConfigurationIsVisible = 0;
			defaultConfigurationName = Release;
		};
		8FB0B8791808891C007A62B9 /* Build configuration list for PBXNativeTarget "SPoT" */ = {
			isa = XCConfigurationList;
			buildConfigurations = (
				8FB0B87A1808891C007A62B9 /* Debug */,
				8FB0B87B1808891C007A62B9 /* Release */,
			);
			defaultConfigurationIsVisible = 0;
			defaultConfigurationName = Release;
		};
/* End XCConfigurationList section */

/* Begin XCVersionGroup section */
		8F0A1241182001FD00071ACA /* SPoTDataModel.xcdatamodeld */ = {
			isa = XCVersionGroup;
			children = (
				8F0A1242182001FD00071ACA /* SPoTDataModel.xcdatamodel */,
			);
			currentVersion = 8F0A1242182001FD00071ACA /* SPoTDataModel.xcdatamodel */;
			path = SPoTDataModel.xcdatamodeld;
			sourceTree = SOURCE_ROOT;
			versionGroupType = wrapper.xcdatamodel;
		};
/* End XCVersionGroup section */
	};
	rootObject = 8FB0B84E1808891C007A62B9 /* Project object */;
}
